// !$*UTF8*$!
{
	archiveVersion = 1;
	classes = {
	};
	objectVersion = 50;
	objects = {

/* Begin PBXBuildFile section */
		9F9CBD8C25055F2100930FFE /* AppDelegate.swift in Sources */ = {isa = PBXBuildFile; fileRef = 9F9CBD8B25055F2100930FFE /* AppDelegate.swift */; };
		9F9CBD8E25055F2100930FFE /* SceneDelegate.swift in Sources */ = {isa = PBXBuildFile; fileRef = 9F9CBD8D25055F2100930FFE /* SceneDelegate.swift */; };
		9F9CBD9025055F2100930FFE /* CustomTabBarViewController.swift in Sources */ = {isa = PBXBuildFile; fileRef = 9F9CBD8F25055F2100930FFE /* CustomTabBarViewController.swift */; };
		9F9CBD9325055F2100930FFE /* Main.storyboard in Resources */ = {isa = PBXBuildFile; fileRef = 9F9CBD9125055F2100930FFE /* Main.storyboard */; };
		9F9CBD9525055F2400930FFE /* Assets.xcassets in Resources */ = {isa = PBXBuildFile; fileRef = 9F9CBD9425055F2400930FFE /* Assets.xcassets */; };
		9F9CBD9825055F2400930FFE /* LaunchScreen.storyboard in Resources */ = {isa = PBXBuildFile; fileRef = 9F9CBD9625055F2400930FFE /* LaunchScreen.storyboard */; };
		9F9CBDA525055F6E00930FFE /* ExtensionUivew.swift in Sources */ = {isa = PBXBuildFile; fileRef = 9F9CBDA225055F6E00930FFE /* ExtensionUivew.swift */; };
		9F9CBDA625055F6E00930FFE /* UILabel.swift in Sources */ = {isa = PBXBuildFile; fileRef = 9F9CBDA325055F6E00930FFE /* UILabel.swift */; };
		9F9CBDA725055F6E00930FFE /* UIImageView.swift in Sources */ = {isa = PBXBuildFile; fileRef = 9F9CBDA425055F6E00930FFE /* UIImageView.swift */; };
		9F9CBDA925055FAA00930FFE /* HomeViewController.swift in Sources */ = {isa = PBXBuildFile; fileRef = 9F9CBDA825055FAA00930FFE /* HomeViewController.swift */; };
		9F9CBDAB2505608100930FFE /* CustomHeaderView.swift in Sources */ = {isa = PBXBuildFile; fileRef = 9F9CBDAA2505608100930FFE /* CustomHeaderView.swift */; };
		9F9CBDAD250560BE00930FFE /* CustomBottomView.swift in Sources */ = {isa = PBXBuildFile; fileRef = 9F9CBDAC250560BE00930FFE /* CustomBottomView.swift */; };
		9F9CBDAF250560D500930FFE /* CustomButton.swift in Sources */ = {isa = PBXBuildFile; fileRef = 9F9CBDAE250560D500930FFE /* CustomButton.swift */; };
		9F9CBDB2250560EE00930FFE /* ExpensesCollectionViewCell.swift in Sources */ = {isa = PBXBuildFile; fileRef = 9F9CBDB1250560EE00930FFE /* ExpensesCollectionViewCell.swift */; };
		9F9CBDB42505610800930FFE /* TransferViewController.swift in Sources */ = {isa = PBXBuildFile; fileRef = 9F9CBDB32505610800930FFE /* TransferViewController.swift */; };
		9F9CBDB62505611E00930FFE /* CustomTransferHeaderView.swift in Sources */ = {isa = PBXBuildFile; fileRef = 9F9CBDB52505611E00930FFE /* CustomTransferHeaderView.swift */; };
		9F9CBDB82505613700930FFE /* UserCollectionViewCell.swift in Sources */ = {isa = PBXBuildFile; fileRef = 9F9CBDB72505613700930FFE /* UserCollectionViewCell.swift */; };
		9F9CBDBA2505614E00930FFE /* CustomSelectedView.swift in Sources */ = {isa = PBXBuildFile; fileRef = 9F9CBDB92505614E00930FFE /* CustomSelectedView.swift */; };
		9F9CBDBC2505617000930FFE /* CardsCollectionViewCell.swift in Sources */ = {isa = PBXBuildFile; fileRef = 9F9CBDBB2505617000930FFE /* CardsCollectionViewCell.swift */; };
/* End PBXBuildFile section */

/* Begin PBXFileReference section */
		9F9CBD8825055F2100930FFE /* Payments Desgin App.app */ = {isa = PBXFileReference; explicitFileType = wrapper.application; includeInIndex = 0; path = "Payments Desgin App.app"; sourceTree = BUILT_PRODUCTS_DIR; };
		9F9CBD8B25055F2100930FFE /* AppDelegate.swift */ = {isa = PBXFileReference; lastKnownFileType = sourcecode.swift; path = AppDelegate.swift; sourceTree = "<group>"; };
		9F9CBD8D25055F2100930FFE /* SceneDelegate.swift */ = {isa = PBXFileReference; lastKnownFileType = sourcecode.swift; path = SceneDelegate.swift; sourceTree = "<group>"; };
		9F9CBD8F25055F2100930FFE /* CustomTabBarViewController.swift */ = {isa = PBXFileReference; lastKnownFileType = sourcecode.swift; path = CustomTabBarViewController.swift; sourceTree = "<group>"; };
		9F9CBD9225055F2100930FFE /* Base */ = {isa = PBXFileReference; lastKnownFileType = file.storyboard; name = Base; path = Base.lproj/Main.storyboard; sourceTree = "<group>"; };
		9F9CBD9425055F2400930FFE /* Assets.xcassets */ = {isa = PBXFileReference; lastKnownFileType = folder.assetcatalog; path = Assets.xcassets; sourceTree = "<group>"; };
		9F9CBD9725055F2400930FFE /* Base */ = {isa = PBXFileReference; lastKnownFileType = file.storyboard; name = Base; path = Base.lproj/LaunchScreen.storyboard; sourceTree = "<group>"; };
		9F9CBD9925055F2400930FFE /* Info.plist */ = {isa = PBXFileReference; lastKnownFileType = text.plist.xml; path = Info.plist; sourceTree = "<group>"; };
		9F9CBDA225055F6E00930FFE /* ExtensionUivew.swift */ = {isa = PBXFileReference; fileEncoding = 4; lastKnownFileType = sourcecode.swift; path = ExtensionUivew.swift; sourceTree = "<group>"; };
		9F9CBDA325055F6E00930FFE /* UILabel.swift */ = {isa = PBXFileReference; fileEncoding = 4; lastKnownFileType = sourcecode.swift; path = UILabel.swift; sourceTree = "<group>"; };
		9F9CBDA425055F6E00930FFE /* UIImageView.swift */ = {isa = PBXFileReference; fileEncoding = 4; lastKnownFileType = sourcecode.swift; path = UIImageView.swift; sourceTree = "<group>"; };
		9F9CBDA825055FAA00930FFE /* HomeViewController.swift */ = {isa = PBXFileReference; lastKnownFileType = sourcecode.swift; path = HomeViewController.swift; sourceTree = "<group>"; };
		9F9CBDAA2505608100930FFE /* CustomHeaderView.swift */ = {isa = PBXFileReference; lastKnownFileType = sourcecode.swift; path = CustomHeaderView.swift; sourceTree = "<group>"; };
		9F9CBDAC250560BE00930FFE /* CustomBottomView.swift */ = {isa = PBXFileReference; lastKnownFileType = sourcecode.swift; path = CustomBottomView.swift; sourceTree = "<group>"; };
		9F9CBDAE250560D500930FFE /* CustomButton.swift */ = {isa = PBXFileReference; lastKnownFileType = sourcecode.swift; path = CustomButton.swift; sourceTree = "<group>"; };
		9F9CBDB1250560EE00930FFE /* ExpensesCollectionViewCell.swift */ = {isa = PBXFileReference; lastKnownFileType = sourcecode.swift; path = ExpensesCollectionViewCell.swift; sourceTree = "<group>"; };
		9F9CBDB32505610800930FFE /* TransferViewController.swift */ = {isa = PBXFileReference; lastKnownFileType = sourcecode.swift; path = TransferViewController.swift; sourceTree = "<group>"; };
		9F9CBDB52505611E00930FFE /* CustomTransferHeaderView.swift */ = {isa = PBXFileReference; lastKnownFileType = sourcecode.swift; path = CustomTransferHeaderView.swift; sourceTree = "<group>"; };
		9F9CBDB72505613700930FFE /* UserCollectionViewCell.swift */ = {isa = PBXFileReference; lastKnownFileType = sourcecode.swift; path = UserCollectionViewCell.swift; sourceTree = "<group>"; };
		9F9CBDB92505614E00930FFE /* CustomSelectedView.swift */ = {isa = PBXFileReference; lastKnownFileType = sourcecode.swift; path = CustomSelectedView.swift; sourceTree = "<group>"; };
		9F9CBDBB2505617000930FFE /* CardsCollectionViewCell.swift */ = {isa = PBXFileReference; lastKnownFileType = sourcecode.swift; path = CardsCollectionViewCell.swift; sourceTree = "<group>"; };
/* End PBXFileReference section */

/* Begin PBXFrameworksBuildPhase section */
		9F9CBD8525055F2100930FFE /* Frameworks */ = {
			isa = PBXFrameworksBuildPhase;
			buildActionMask = 2147483647;
			files = (
			);
			runOnlyForDeploymentPostprocessing = 0;
		};
/* End PBXFrameworksBuildPhase section */

/* Begin PBXGroup section */
		9F9CBD7F25055F2100930FFE = {
			isa = PBXGroup;
			children = (
				9F9CBD8A25055F2100930FFE /* Payments Desgin App */,
				9F9CBD8925055F2100930FFE /* Products */,
			);
			sourceTree = "<group>";
		};
		9F9CBD8925055F2100930FFE /* Products */ = {
			isa = PBXGroup;
			children = (
				9F9CBD8825055F2100930FFE /* Payments Desgin App.app */,
			);
			name = Products;
			sourceTree = "<group>";
		};
		9F9CBD8A25055F2100930FFE /* Payments Desgin App */ = {
			isa = PBXGroup;
			children = (
				9F9CBD8B25055F2100930FFE /* AppDelegate.swift */,
				9F9CBD8D25055F2100930FFE /* SceneDelegate.swift */,
				9F9CBDA125055F5600930FFE /* helpers */,
				9F9CBDA025055F4E00930FFE /* view */,
				9F9CBD9F25055F4600930FFE /* controller */,
				9F9CBD9125055F2100930FFE /* Main.storyboard */,
				9F9CBD9425055F2400930FFE /* Assets.xcassets */,
				9F9CBD9625055F2400930FFE /* LaunchScreen.storyboard */,
				9F9CBD9925055F2400930FFE /* Info.plist */,
			);
			path = "Payments Desgin App";
			sourceTree = "<group>";
		};
		9F9CBD9F25055F4600930FFE /* controller */ = {
			isa = PBXGroup;
			children = (
				9F9CBD8F25055F2100930FFE /* CustomTabBarViewController.swift */,
				9F9CBDA825055FAA00930FFE /* HomeViewController.swift */,
				9F9CBDB32505610800930FFE /* TransferViewController.swift */,
			);
			path = controller;
			sourceTree = "<group>";
		};
		9F9CBDA025055F4E00930FFE /* view */ = {
			isa = PBXGroup;
			children = (
				9F9CBDB0250560E700930FFE /* cell */,
				9F9CBDAA2505608100930FFE /* CustomHeaderView.swift */,
				9F9CBDAC250560BE00930FFE /* CustomBottomView.swift */,
				9F9CBDAE250560D500930FFE /* CustomButton.swift */,
				9F9CBDB52505611E00930FFE /* CustomTransferHeaderView.swift */,
				9F9CBDB92505614E00930FFE /* CustomSelectedView.swift */,
			);
			path = view;
			sourceTree = "<group>";
		};
		9F9CBDA125055F5600930FFE /* helpers */ = {
			isa = PBXGroup;
			children = (
				9F9CBDA225055F6E00930FFE /* ExtensionUivew.swift */,
				9F9CBDA425055F6E00930FFE /* UIImageView.swift */,
				9F9CBDA325055F6E00930FFE /* UILabel.swift */,
			);
			path = helpers;
			sourceTree = "<group>";
		};
		9F9CBDB0250560E700930FFE /* cell */ = {
			isa = PBXGroup;
			children = (
				9F9CBDB1250560EE00930FFE /* ExpensesCollectionViewCell.swift */,
				9F9CBDB72505613700930FFE /* UserCollectionViewCell.swift */,
				9F9CBDBB2505617000930FFE /* CardsCollectionViewCell.swift */,
			);
			path = cell;
			sourceTree = "<group>";
		};
/* End PBXGroup section */

/* Begin PBXNativeTarget section */
		9F9CBD8725055F2100930FFE /* Payments Desgin App */ = {
			isa = PBXNativeTarget;
			buildConfigurationList = 9F9CBD9C25055F2400930FFE /* Build configuration list for PBXNativeTarget "Payments Desgin App" */;
			buildPhases = (
				9F9CBD8425055F2100930FFE /* Sources */,
				9F9CBD8525055F2100930FFE /* Frameworks */,
				9F9CBD8625055F2100930FFE /* Resources */,
			);
			buildRules = (
			);
			dependencies = (
			);
			name = "Payments Desgin App";
			productName = "Payments Desgin App";
			productReference = 9F9CBD8825055F2100930FFE /* Payments Desgin App.app */;
			productType = "com.apple.product-type.application";
		};
/* End PBXNativeTarget section */

/* Begin PBXProject section */
		9F9CBD8025055F2100930FFE /* Project object */ = {
			isa = PBXProject;
			attributes = {
				LastSwiftUpdateCheck = 1140;
				LastUpgradeCheck = 1140;
				ORGANIZATIONNAME = Hossam;
				TargetAttributes = {
					9F9CBD8725055F2100930FFE = {
						CreatedOnToolsVersion = 11.4;
					};
				};
			};
			buildConfigurationList = 9F9CBD8325055F2100930FFE /* Build configuration list for PBXProject "Payments Desgin App" */;
			compatibilityVersion = "Xcode 9.3";
			developmentRegion = en;
			hasScannedForEncodings = 0;
			knownRegions = (
				en,
				Base,
			);
			mainGroup = 9F9CBD7F25055F2100930FFE;
			productRefGroup = 9F9CBD8925055F2100930FFE /* Products */;
			projectDirPath = "";
			projectRoot = "";
			targets = (
				9F9CBD8725055F2100930FFE /* Payments Desgin App */,
			);
		};
/* End PBXProject section */

/* Begin PBXResourcesBuildPhase section */
		9F9CBD8625055F2100930FFE /* Resources */ = {
			isa = PBXResourcesBuildPhase;
			buildActionMask = 2147483647;
			files = (
				9F9CBD9825055F2400930FFE /* LaunchScreen.storyboard in Resources */,
				9F9CBD9525055F2400930FFE /* Assets.xcassets in Resources */,
				9F9CBD9325055F2100930FFE /* Main.storyboard in Resources */,
			);
			runOnlyForDeploymentPostprocessing = 0;
		};
/* End PBXResourcesBuildPhase section */

/* Begin PBXSourcesBuildPhase section */
		9F9CBD8425055F2100930FFE /* Sources */ = {
			isa = PBXSourcesBuildPhase;
			buildActionMask = 2147483647;
			files = (
				9F9CBDAB2505608100930FFE /* CustomHeaderView.swift in Sources */,
				9F9CBDA625055F6E00930FFE /* UILabel.swift in Sources */,
				9F9CBDB2250560EE00930FFE /* ExpensesCollectionViewCell.swift in Sources */,
				9F9CBDA525055F6E00930FFE /* ExtensionUivew.swift in Sources */,
				9F9CBD9025055F2100930FFE /* CustomTabBarViewController.swift in Sources */,
				9F9CBDB82505613700930FFE /* UserCollectionViewCell.swift in Sources */,
				9F9CBDBA2505614E00930FFE /* CustomSelectedView.swift in Sources */,
				9F9CBDAF250560D500930FFE /* CustomButton.swift in Sources */,
				9F9CBD8C25055F2100930FFE /* AppDelegate.swift in Sources */,
				9F9CBDB42505610800930FFE /* TransferViewController.swift in Sources */,
				9F9CBDA725055F6E00930FFE /* UIImageView.swift in Sources */,
				9F9CBDB62505611E00930FFE /* CustomTransferHeaderView.swift in Sources */,
				9F9CBDBC2505617000930FFE /* CardsCollectionViewCell.swift in Sources */,
				9F9CBDA925055FAA00930FFE /* HomeViewController.swift in Sources */,
				9F9CBD8E25055F2100930FFE /* SceneDelegate.swift in Sources */,
				9F9CBDAD250560BE00930FFE /* CustomBottomView.swift in Sources */,
			);
			runOnlyForDeploymentPostprocessing = 0;
		};
/* End PBXSourcesBuildPhase section */

/* Begin PBXVariantGroup section */
		9F9CBD9125055F2100930FFE /* Main.storyboard */ = {
			isa = PBXVariantGroup;
			children = (
				9F9CBD9225055F2100930FFE /* Base */,
			);
			name = Main.storyboard;
			sourceTree = "<group>";
		};
		9F9CBD9625055F2400930FFE /* LaunchScreen.storyboard */ = {
			isa = PBXVariantGroup;
			children = (
				9F9CBD9725055F2400930FFE /* Base */,
			);
			name = LaunchScreen.storyboard;
			sourceTree = "<group>";
		};
/* End PBXVariantGroup section */

/* Begin XCBuildConfiguration section */
		9F9CBD9A25055F2400930FFE /* Debug */ = {
			isa = XCBuildConfiguration;
			buildSettings = {
				ALWAYS_SEARCH_USER_PATHS = NO;
				CLANG_ANALYZER_NONNULL = YES;
				CLANG_ANALYZER_NUMBER_OBJECT_CONVERSION = YES_AGGRESSIVE;
				CLANG_CXX_LANGUAGE_STANDARD = "gnu++14";
				CLANG_CXX_LIBRARY = "libc++";
				CLANG_ENABLE_MODULES = YES;
				CLANG_ENABLE_OBJC_ARC = YES;
				CLANG_ENABLE_OBJC_WEAK = YES;
				CLANG_WARN_BLOCK_CAPTURE_AUTORELEASING = YES;
				CLANG_WARN_BOOL_CONVERSION = YES;
				CLANG_WARN_COMMA = YES;
				CLANG_WARN_CONSTANT_CONVERSION = YES;
				CLANG_WARN_DEPRECATED_OBJC_IMPLEMENTATIONS = YES;
				CLANG_WARN_DIRECT_OBJC_ISA_USAGE = YES_ERROR;
				CLANG_WARN_DOCUMENTATION_COMMENTS = YES;
				CLANG_WARN_EMPTY_BODY = YES;
				CLANG_WARN_ENUM_CONVERSION = YES;
				CLANG_WARN_INFINITE_RECURSION = YES;
				CLANG_WARN_INT_CONVERSION = YES;
				CLANG_WARN_NON_LITERAL_NULL_CONVERSION = YES;
				CLANG_WARN_OBJC_IMPLICIT_RETAIN_SELF = YES;
				CLANG_WARN_OBJC_LITERAL_CONVERSION = YES;
				CLANG_WARN_OBJC_ROOT_CLASS = YES_ERROR;
				CLANG_WARN_RANGE_LOOP_ANALYSIS = YES;
				CLANG_WARN_STRICT_PROTOTYPES = YES;
				CLANG_WARN_SUSPICIOUS_MOVE = YES;
				CLANG_WARN_UNGUARDED_AVAILABILITY = YES_AGGRESSIVE;
				CLANG_WARN_UNREACHABLE_CODE = YES;
				CLANG_WARN__DUPLICATE_METHOD_MATCH = YES;
				COPY_PHASE_STRIP = NO;
				DEBUG_INFORMATION_FORMAT = dwarf;
				ENABLE_STRICT_OBJC_MSGSEND = YES;
				ENABLE_TESTABILITY = YES;
				GCC_C_LANGUAGE_STANDARD = gnu11;
				GCC_DYNAMIC_NO_PIC = NO;
				GCC_NO_COMMON_BLOCKS = YES;
				GCC_OPTIMIZATION_LEVEL = 0;
				GCC_PREPROCESSOR_DEFINITIONS = (
					"DEBUG=1",
					"$(inherited)",
				);
				GCC_WARN_64_TO_32_BIT_CONVERSION = YES;
				GCC_WARN_ABOUT_RETURN_TYPE = YES_ERROR;
				GCC_WARN_UNDECLARED_SELECTOR = YES;
				GCC_WARN_UNINITIALIZED_AUTOS = YES_AGGRESSIVE;
				GCC_WARN_UNUSED_FUNCTION = YES;
				GCC_WARN_UNUSED_VARIABLE = YES;
				IPHONEOS_DEPLOYMENT_TARGET = 13.4;
				MTL_ENABLE_DEBUG_INFO = INCLUDE_SOURCE;
				MTL_FAST_MATH = YES;
				ONLY_ACTIVE_ARCH = YES;
				SDKROOT = iphoneos;
				SWIFT_ACTIVE_COMPILATION_CONDITIONS = DEBUG;
				SWIFT_OPTIMIZATION_LEVEL = "-Onone";
			};
			name = Debug;
		};
		9F9CBD9B25055F2400930FFE /* Release */ = {
			isa = XCBuildConfiguration;
			buildSettings = {
				ALWAYS_SEARCH_USER_PATHS = NO;
				CLANG_ANALYZER_NONNULL = YES;
				CLANG_ANALYZER_NUMBER_OBJECT_CONVERSION = YES_AGGRESSIVE;
				CLANG_CXX_LANGUAGE_STANDARD = "gnu++14";
				CLANG_CXX_LIBRARY = "libc++";
				CLANG_ENABLE_MODULES = YES;
				CLANG_ENABLE_OBJC_ARC = YES;
				CLANG_ENABLE_OBJC_WEAK = YES;
				CLANG_WARN_BLOCK_CAPTURE_AUTORELEASING = YES;
				CLANG_WARN_BOOL_CONVERSION = YES;
				CLANG_WARN_COMMA = YES;
				CLANG_WARN_CONSTANT_CONVERSION = YES;
				CLANG_WARN_DEPRECATED_OBJC_IMPLEMENTATIONS = YES;
				CLANG_WARN_DIRECT_OBJC_ISA_USAGE = YES_ERROR;
				CLANG_WARN_DOCUMENTATION_COMMENTS = YES;
				CLANG_WARN_EMPTY_BODY = YES;
				CLANG_WARN_ENUM_CONVERSION = YES;
				CLANG_WARN_INFINITE_RECURSION = YES;
				CLANG_WARN_INT_CONVERSION = YES;
				CLANG_WARN_NON_LITERAL_NULL_CONVERSION = YES;
				CLANG_WARN_OBJC_IMPLICIT_RETAIN_SELF = YES;
				CLANG_WARN_OBJC_LITERAL_CONVERSION = YES;
				CLANG_WARN_OBJC_ROOT_CLASS = YES_ERROR;
				CLANG_WARN_RANGE_LOOP_ANALYSIS = YES;
				CLANG_WARN_STRICT_PROTOTYPES = YES;
				CLANG_WARN_SUSPICIOUS_MOVE = YES;
				CLANG_WARN_UNGUARDED_AVAILABILITY = YES_AGGRESSIVE;
				CLANG_WARN_UNREACHABLE_CODE = YES;
				CLANG_WARN__DUPLICATE_METHOD_MATCH = YES;
				COPY_PHASE_STRIP = NO;
				DEBUG_INFORMATION_FORMAT = "dwarf-with-dsym";
				ENABLE_NS_ASSERTIONS = NO;
				ENABLE_STRICT_OBJC_MSGSEND = YES;
				GCC_C_LANGUAGE_STANDARD = gnu11;
				GCC_NO_COMMON_BLOCKS = YES;
				GCC_WARN_64_TO_32_BIT_CONVERSION = YES;
				GCC_WARN_ABOUT_RETURN_TYPE = YES_ERROR;
				GCC_WARN_UNDECLARED_SELECTOR = YES;
				GCC_WARN_UNINITIALIZED_AUTOS = YES_AGGRESSIVE;
				GCC_WARN_UNUSED_FUNCTION = YES;
				GCC_WARN_UNUSED_VARIABLE = YES;
				IPHONEOS_DEPLOYMENT_TARGET = 13.4;
				MTL_ENABLE_DEBUG_INFO = NO;
				MTL_FAST_MATH = YES;
				SDKROOT = iphoneos;
				SWIFT_COMPILATION_MODE = wholemodule;
				SWIFT_OPTIMIZATION_LEVEL = "-O";
				VALIDATE_PRODUCT = YES;
			};
			name = Release;
		};
		9F9CBD9D25055F2400930FFE /* Debug */ = {
			isa = XCBuildConfiguration;
			buildSettings = {
				ASSETCATALOG_COMPILER_APPICON_NAME = AppIcon;
				CODE_SIGN_STYLE = Automatic;
				DEVELOPMENT_TEAM = 5RTZJMVRS2;
				INFOPLIST_FILE = "Payments Desgin App/Info.plist";
				LD_RUNPATH_SEARCH_PATHS = (
					"$(inherited)",
					"@executable_path/Frameworks",
				);
				PRODUCT_BUNDLE_IDENTIFIER = "com.hosam.net.Payments-Desgin-App";
				PRODUCT_NAME = "$(TARGET_NAME)";
				SWIFT_VERSION = 5.0;
				TARGETED_DEVICE_FAMILY = 1;
			};
			name = Debug;
		};
		9F9CBD9E25055F2400930FFE /* Release */ = {
			isa = XCBuildConfiguration;
			buildSettings = {
				ASSETCATALOG_COMPILER_APPICON_NAME = AppIcon;
				CODE_SIGN_STYLE = Automatic;
				DEVELOPMENT_TEAM = 5RTZJMVRS2;
				INFOPLIST_FILE = "Payments Desgin App/Info.plist";
				LD_RUNPATH_SEARCH_PATHS = (
					"$(inherited)",
					"@executable_path/Frameworks",
				);
				PRODUCT_BUNDLE_IDENTIFIER = "com.hosam.net.Payments-Desgin-App";
				PRODUCT_NAME = "$(TARGET_NAME)";
				SWIFT_VERSION = 5.0;
				TARGETED_DEVICE_FAMILY = 1;
			};
			name = Release;
		};
/* End XCBuildConfiguration section */

/* Begin XCConfigurationList section */
		9F9CBD8325055F2100930FFE /* Build configuration list for PBXProject "Payments Desgin App" */ = {
			isa = XCConfigurationList;
			buildConfigurations = (
				9F9CBD9A25055F2400930FFE /* Debug */,
				9F9CBD9B25055F2400930FFE /* Release */,
			);
			defaultConfigurationIsVisible = 0;
			defaultConfigurationName = Release;
		};
		9F9CBD9C25055F2400930FFE /* Build configuration list for PBXNativeTarget "Payments Desgin App" */ = {
			isa = XCConfigurationList;
			buildConfigurations = (
				9F9CBD9D25055F2400930FFE /* Debug */,
				9F9CBD9E25055F2400930FFE /* Release */,
			);
			defaultConfigurationIsVisible = 0;
			defaultConfigurationName = Release;
		};
/* End XCConfigurationList section */
	};
	rootObject = 9F9CBD8025055F2100930FFE /* Project object */;
}
